
Microsoft Visual Studio Solution File, Format Version 12.00
# Visual Studio Version 16
VisualStudioVersion = 16.0.31025.218
MinimumVisualStudioVersion = 10.0.40219.1
Project("{FAE04EC0-301F-11D3-BF4B-00C04F79EFBC}") = "MyUpdate", "MyUpdate.csproj", "{5035EC0E-9C56-42FC-AC47-2CE18794EB25}"
EndProject
Global
	GlobalSection(SolutionConfigurationPlatforms) = preSolution
		Debug|x86 = Debug|x86
		Release|x86 = Release|x86
	EndGlobalSection
	GlobalSection(ProjectConfigurationPlatforms) = postSolution
		{5035EC0E-9C56-42FC-AC47-2CE18794EB25}.Debug|x86.ActiveCfg = Debug|x86
		{5035EC0E-9C56-42FC-AC47-2CE18794EB25}.Debug|x86.Build.0 = Debug|x86
		{5035EC0E-9C56-42FC-AC47-2CE18794EB25}.Release|x86.ActiveCfg = Release|x86
		{5035EC0E-9C56-42FC-AC47-2CE18794EB25}.Release|x86.Build.0 = Release|x86
	EndGlobalSection
	GlobalSection(SolutionProperties) = preSolution
		HideSolutionNode = FALSE
	EndGlobalSection
	GlobalSection(ExtensibilityGlobals) = postSolution
		SolutionGuid = {DD8911FF-7938-4636-8F64-D67A550F5F8E}
	EndGlobalSection
EndGlobal
